
Microsoft Visual Studio Solution File, Format Version 12.00
# Visual Studio 2013
VisualStudioVersion = 12.0.31101.0
MinimumVisualStudioVersion = 10.0.40219.1
Project("{FAE04EC0-301F-11D3-BF4B-00C04F79EFBC}") = "01. School", "01. School\01. School.csproj", "{80367F7E-EC8A-43A1-9D20-B0A46EDA6DEF}"
EndProject
Project("{FAE04EC0-301F-11D3-BF4B-00C04F79EFBC}") = "02.StudentsAndWorkers", "02.StudentsAndWorkers\02.StudentsAndWorkers.csproj", "{354D3009-DD11-4588-AE91-C8D56321A193}"
EndProject
Project("{FAE04EC0-301F-11D3-BF4B-00C04F79EFBC}") = "03.Animals", "03.Animals\03.Animals.csproj", "{373F40AB-BD96-4CC2-80D8-9D78974AD4D9}"
EndProject
Global
	GlobalSection(SolutionConfigurationPlatforms) = preSolution
		Debug|Any CPU = Debug|Any CPU
		Release|Any CPU = Release|Any CPU
	EndGlobalSection
	GlobalSection(ProjectConfigurationPlatforms) = postSolution
		{80367F7E-EC8A-43A1-9D20-B0A46EDA6DEF}.Debug|Any CPU.ActiveCfg = Debug|Any CPU
		{80367F7E-EC8A-43A1-9D20-B0A46EDA6DEF}.Debug|Any CPU.Build.0 = Debug|Any CPU
		{80367F7E-EC8A-43A1-9D20-B0A46EDA6DEF}.Release|Any CPU.ActiveCfg = Release|Any CPU
		{80367F7E-EC8A-43A1-9D20-B0A46EDA6DEF}.Release|Any CPU.Build.0 = Release|Any CPU
		{354D3009-DD11-4588-AE91-C8D56321A193}.Debug|Any CPU.ActiveCfg = Debug|Any CPU
		{354D3009-DD11-4588-AE91-C8D56321A193}.Debug|Any CPU.Build.0 = Debug|Any CPU
		{354D3009-DD11-4588-AE91-C8D56321A193}.Release|Any CPU.ActiveCfg = Release|Any CPU
		{354D3009-DD11-4588-AE91-C8D56321A193}.Release|Any CPU.Build.0 = Release|Any CPU
		{373F40AB-BD96-4CC2-80D8-9D78974AD4D9}.Debug|Any CPU.ActiveCfg = Debug|Any CPU
		{373F40AB-BD96-4CC2-80D8-9D78974AD4D9}.Debug|Any CPU.Build.0 = Debug|Any CPU
		{373F40AB-BD96-4CC2-80D8-9D78974AD4D9}.Release|Any CPU.ActiveCfg = Release|Any CPU
		{373F40AB-BD96-4CC2-80D8-9D78974AD4D9}.Release|Any CPU.Build.0 = Release|Any CPU
	EndGlobalSection
	GlobalSection(SolutionProperties) = preSolution
		HideSolutionNode = FALSE
	EndGlobalSection
EndGlobal
