
Microsoft Visual Studio Solution File, Format Version 12.00
# Visual Studio 2013
VisualStudioVersion = 12.0.31101.0
MinimumVisualStudioVersion = 10.0.40219.1
Project("{FAE04EC0-301F-11D3-BF4B-00C04F79EFBC}") = "Bunny", "Bunny\Bunny.csproj", "{FAD2343E-2399-4D2E-9531-A9454046C5C9}"
EndProject
Project("{FAE04EC0-301F-11D3-BF4B-00C04F79EFBC}") = "NumeralSystems", "NumeralSystems\NumeralSystems.csproj", "{AAB7748D-F87A-4B17-B8EF-964CEE74849A}"
EndProject
Global
	GlobalSection(SolutionConfigurationPlatforms) = preSolution
		Debug|Any CPU = Debug|Any CPU
		Release|Any CPU = Release|Any CPU
	EndGlobalSection
	GlobalSection(ProjectConfigurationPlatforms) = postSolution
		{FAD2343E-2399-4D2E-9531-A9454046C5C9}.Debug|Any CPU.ActiveCfg = Debug|Any CPU
		{FAD2343E-2399-4D2E-9531-A9454046C5C9}.Debug|Any CPU.Build.0 = Debug|Any CPU
		{FAD2343E-2399-4D2E-9531-A9454046C5C9}.Release|Any CPU.ActiveCfg = Release|Any CPU
		{FAD2343E-2399-4D2E-9531-A9454046C5C9}.Release|Any CPU.Build.0 = Release|Any CPU
		{AAB7748D-F87A-4B17-B8EF-964CEE74849A}.Debug|Any CPU.ActiveCfg = Debug|Any CPU
		{AAB7748D-F87A-4B17-B8EF-964CEE74849A}.Debug|Any CPU.Build.0 = Debug|Any CPU
		{AAB7748D-F87A-4B17-B8EF-964CEE74849A}.Release|Any CPU.ActiveCfg = Release|Any CPU
		{AAB7748D-F87A-4B17-B8EF-964CEE74849A}.Release|Any CPU.Build.0 = Release|Any CPU
	EndGlobalSection
	GlobalSection(SolutionProperties) = preSolution
		HideSolutionNode = FALSE
	EndGlobalSection
EndGlobal
