
Microsoft Visual Studio Solution File, Format Version 12.00
# Visual Studio 2013
VisualStudioVersion = 12.0.31101.0
MinimumVisualStudioVersion = 10.0.40219.1
Project("{FAE04EC0-301F-11D3-BF4B-00C04F79EFBC}") = "TheSameArrayAndList", "TheSameArrayAndList\TheSameArrayAndList.csproj", "{F2DD0B15-433F-4AE8-8C44-5C433C762F9B}"
EndProject
Project("{FAE04EC0-301F-11D3-BF4B-00C04F79EFBC}") = "ParseAndSquares", "ParseAndSquares\ParseAndSquares.csproj", "{6B99D2C9-5174-4E5D-AAEC-61FCDE23C537}"
EndProject
Project("{FAE04EC0-301F-11D3-BF4B-00C04F79EFBC}") = "Test", "Test\Test.csproj", "{3AEEEE92-162B-4923-8A6F-6FA26F5A5182}"
EndProject
Project("{FAE04EC0-301F-11D3-BF4B-00C04F79EFBC}") = "Multidimensional Arrays Demo", "Multidimensional Arrays Demo\Multidimensional Arrays Demo.csproj", "{0B8EE877-258B-47E8-8797-1BD356CB1D53}"
EndProject
Project("{FAE04EC0-301F-11D3-BF4B-00C04F79EFBC}") = "Multidimensional Arrays 2", "Multidimensional Arrays 2\Multidimensional Arrays 2.csproj", "{F1D37441-702E-4620-B537-78570F92DC99}"
EndProject
Project("{FAE04EC0-301F-11D3-BF4B-00C04F79EFBC}") = "JaggedArrays", "JaggedArrays\JaggedArrays.csproj", "{B13F20D0-30A3-45D9-A836-C17ACCF526A2}"
EndProject
Global
	GlobalSection(SolutionConfigurationPlatforms) = preSolution
		Debug|Any CPU = Debug|Any CPU
		Release|Any CPU = Release|Any CPU
	EndGlobalSection
	GlobalSection(ProjectConfigurationPlatforms) = postSolution
		{F2DD0B15-433F-4AE8-8C44-5C433C762F9B}.Debug|Any CPU.ActiveCfg = Debug|Any CPU
		{F2DD0B15-433F-4AE8-8C44-5C433C762F9B}.Debug|Any CPU.Build.0 = Debug|Any CPU
		{F2DD0B15-433F-4AE8-8C44-5C433C762F9B}.Release|Any CPU.ActiveCfg = Release|Any CPU
		{F2DD0B15-433F-4AE8-8C44-5C433C762F9B}.Release|Any CPU.Build.0 = Release|Any CPU
		{6B99D2C9-5174-4E5D-AAEC-61FCDE23C537}.Debug|Any CPU.ActiveCfg = Debug|Any CPU
		{6B99D2C9-5174-4E5D-AAEC-61FCDE23C537}.Debug|Any CPU.Build.0 = Debug|Any CPU
		{6B99D2C9-5174-4E5D-AAEC-61FCDE23C537}.Release|Any CPU.ActiveCfg = Release|Any CPU
		{6B99D2C9-5174-4E5D-AAEC-61FCDE23C537}.Release|Any CPU.Build.0 = Release|Any CPU
		{3AEEEE92-162B-4923-8A6F-6FA26F5A5182}.Debug|Any CPU.ActiveCfg = Debug|Any CPU
		{3AEEEE92-162B-4923-8A6F-6FA26F5A5182}.Debug|Any CPU.Build.0 = Debug|Any CPU
		{3AEEEE92-162B-4923-8A6F-6FA26F5A5182}.Release|Any CPU.ActiveCfg = Release|Any CPU
		{3AEEEE92-162B-4923-8A6F-6FA26F5A5182}.Release|Any CPU.Build.0 = Release|Any CPU
		{0B8EE877-258B-47E8-8797-1BD356CB1D53}.Debug|Any CPU.ActiveCfg = Debug|Any CPU
		{0B8EE877-258B-47E8-8797-1BD356CB1D53}.Debug|Any CPU.Build.0 = Debug|Any CPU
		{0B8EE877-258B-47E8-8797-1BD356CB1D53}.Release|Any CPU.ActiveCfg = Release|Any CPU
		{0B8EE877-258B-47E8-8797-1BD356CB1D53}.Release|Any CPU.Build.0 = Release|Any CPU
		{F1D37441-702E-4620-B537-78570F92DC99}.Debug|Any CPU.ActiveCfg = Debug|Any CPU
		{F1D37441-702E-4620-B537-78570F92DC99}.Debug|Any CPU.Build.0 = Debug|Any CPU
		{F1D37441-702E-4620-B537-78570F92DC99}.Release|Any CPU.ActiveCfg = Release|Any CPU
		{F1D37441-702E-4620-B537-78570F92DC99}.Release|Any CPU.Build.0 = Release|Any CPU
		{B13F20D0-30A3-45D9-A836-C17ACCF526A2}.Debug|Any CPU.ActiveCfg = Debug|Any CPU
		{B13F20D0-30A3-45D9-A836-C17ACCF526A2}.Debug|Any CPU.Build.0 = Debug|Any CPU
		{B13F20D0-30A3-45D9-A836-C17ACCF526A2}.Release|Any CPU.ActiveCfg = Release|Any CPU
		{B13F20D0-30A3-45D9-A836-C17ACCF526A2}.Release|Any CPU.Build.0 = Release|Any CPU
	EndGlobalSection
	GlobalSection(SolutionProperties) = preSolution
		HideSolutionNode = FALSE
	EndGlobalSection
EndGlobal
