
Microsoft Visual Studio Solution File, Format Version 12.00
# Visual Studio 2013
VisualStudioVersion = 12.0.31101.0
MinimumVisualStudioVersion = 10.0.40219.1
Project("{FAE04EC0-301F-11D3-BF4B-00C04F79EFBC}") = "Demo", "Demo\Demo.csproj", "{BA3B6AD0-6169-450F-92C1-B6FBECFBDFEE}"
EndProject
Project("{FAE04EC0-301F-11D3-BF4B-00C04F79EFBC}") = "01. Garden", "01. Garden\01. Garden.csproj", "{7678EBF7-FABF-4DF1-8CDD-F4BBC216C930}"
EndProject
Project("{FAE04EC0-301F-11D3-BF4B-00C04F79EFBC}") = "02. MissCat", "02. MissCat\02. MissCat.csproj", "{914D2D40-D20E-47CA-935D-5D6DD4D091D4}"
EndProject
Project("{FAE04EC0-301F-11D3-BF4B-00C04F79EFBC}") = "02. AstrDigits", "02. AstrDigits\02. AstrDigits.csproj", "{4C201986-ACCC-470A-9B16-487109E048CF}"
EndProject
Project("{FAE04EC0-301F-11D3-BF4B-00C04F79EFBC}") = "01. FighterAttack", "01. FighterAttack\01. FighterAttack.csproj", "{BBD38F95-88AC-4081-A031-C6C87A0649A7}"
EndProject
Project("{FAE04EC0-301F-11D3-BF4B-00C04F79EFBC}") = "01. ShipDamage", "01. ShipDamage\01. ShipDamage.csproj", "{620A7BF8-7031-4B4C-8C9E-D7A0351B45FD}"
EndProject
Project("{FAE04EC0-301F-11D3-BF4B-00C04F79EFBC}") = "03. BullsAndCows", "03. BullsAndCows\03. BullsAndCows.csproj", "{D71B3E6D-069E-463C-A6D0-93EEB3D6519F}"
EndProject
Project("{FAE04EC0-301F-11D3-BF4B-00C04F79EFBC}") = "03. CardWars", "03. CardWars\03. CardWars.csproj", "{2DF98439-4070-4353-B98D-9474B4D820A0}"
EndProject
Project("{FAE04EC0-301F-11D3-BF4B-00C04F79EFBC}") = "04. Carpets", "04. Carpets\04. Carpets.csproj", "{434DD8C2-A35B-4D4C-A350-A6D872635CB7}"
EndProject
Project("{FAE04EC0-301F-11D3-BF4B-00C04F79EFBC}") = "04. TelerikLogo", "04. TelerikLogo\04. TelerikLogo.csproj", "{750E69C9-77A6-4F82-82E2-8E052891214E}"
EndProject
Project("{FAE04EC0-301F-11D3-BF4B-00C04F79EFBC}") = "05. FallDown", "05. FallDown\05. FallDown.csproj", "{6C8EF573-3D90-414B-841F-0A1A3E721233}"
EndProject
Project("{FAE04EC0-301F-11D3-BF4B-00C04F79EFBC}") = "05. Lines", "05. Lines\05. Lines.csproj", "{D8394E4A-9CD1-460A-88EE-90B18548926A}"
EndProject
Project("{FAE04EC0-301F-11D3-BF4B-00C04F79EFBC}") = "05. Pillars", "05. Pillars\05. Pillars.csproj", "{82DFD185-AB79-4ACD-9A16-D5FEC90DA748}"
EndProject
Project("{FAE04EC0-301F-11D3-BF4B-00C04F79EFBC}") = "01. CartesianCoordinateSystem", "01. CartesianCoordinateSystem\01. CartesianCoordinateSystem.csproj", "{B19F9391-2B45-4610-944B-FE078F4B7B2D}"
EndProject
Project("{FAE04EC0-301F-11D3-BF4B-00C04F79EFBC}") = "02. DrunkenNumber", "02. DrunkenNumber\02. DrunkenNumber.csproj", "{A47973BE-61A0-454D-86EE-CE13B8B909CE}"
EndProject
Project("{FAE04EC0-301F-11D3-BF4B-00C04F79EFBC}") = "04. FireInTheMatrix", "04. FireInTheMatrix\04. FireInTheMatrix.csproj", "{5DFFCA7F-CC00-47A1-84C7-76CB7062D852}"
EndProject
Project("{FAE04EC0-301F-11D3-BF4B-00C04F79EFBC}") = "05. NeuronMapping", "05. NeuronMapping\05. NeuronMapping.csproj", "{5E77083A-146B-434E-A553-8B7AC03A080B}"
EndProject
Project("{FAE04EC0-301F-11D3-BF4B-00C04F79EFBC}") = "05. GameOfPage", "05. GameOfPage\05. GameOfPage.csproj", "{5D369959-81F4-48EF-996A-2CDC12514703}"
EndProject
Project("{FAE04EC0-301F-11D3-BF4B-00C04F79EFBC}") = "Exam12", "Exam12\Exam12.csproj", "{6A73C203-8729-4EA8-89EB-FDA880B6BE0A}"
EndProject
Project("{FAE04EC0-301F-11D3-BF4B-00C04F79EFBC}") = "02.exam02022015", "exam02022015\02.exam02022015.csproj", "{1350E6F8-961C-4486-939E-B13094DBC839}"
EndProject
Project("{FAE04EC0-301F-11D3-BF4B-00C04F79EFBC}") = "01.exam02022015", "01.exam02022015\01.exam02022015.csproj", "{14D1005F-F823-4B93-B6E3-4179CD570C18}"
EndProject
Project("{FAE04EC0-301F-11D3-BF4B-00C04F79EFBC}") = "03.exam02022015", "03.exam02022015\03.exam02022015.csproj", "{BD02B029-4871-4FA3-95F4-924BD6E763F2}"
EndProject
Project("{FAE04EC0-301F-11D3-BF4B-00C04F79EFBC}") = "04.exam02022015", "04.exam02022015\04.exam02022015.csproj", "{F63265A4-C862-4517-8572-4C1CF29A1D3A}"
EndProject
Project("{FAE04EC0-301F-11D3-BF4B-00C04F79EFBC}") = "05.exam02022015", "05.exam02022015\05.exam02022015.csproj", "{B5658B95-D388-4A52-939D-ED406F48D5F8}"
EndProject
Global
	GlobalSection(SolutionConfigurationPlatforms) = preSolution
		Debug|Any CPU = Debug|Any CPU
		Release|Any CPU = Release|Any CPU
	EndGlobalSection
	GlobalSection(ProjectConfigurationPlatforms) = postSolution
		{BA3B6AD0-6169-450F-92C1-B6FBECFBDFEE}.Debug|Any CPU.ActiveCfg = Debug|Any CPU
		{BA3B6AD0-6169-450F-92C1-B6FBECFBDFEE}.Debug|Any CPU.Build.0 = Debug|Any CPU
		{BA3B6AD0-6169-450F-92C1-B6FBECFBDFEE}.Release|Any CPU.ActiveCfg = Release|Any CPU
		{BA3B6AD0-6169-450F-92C1-B6FBECFBDFEE}.Release|Any CPU.Build.0 = Release|Any CPU
		{7678EBF7-FABF-4DF1-8CDD-F4BBC216C930}.Debug|Any CPU.ActiveCfg = Debug|Any CPU
		{7678EBF7-FABF-4DF1-8CDD-F4BBC216C930}.Debug|Any CPU.Build.0 = Debug|Any CPU
		{7678EBF7-FABF-4DF1-8CDD-F4BBC216C930}.Release|Any CPU.ActiveCfg = Release|Any CPU
		{7678EBF7-FABF-4DF1-8CDD-F4BBC216C930}.Release|Any CPU.Build.0 = Release|Any CPU
		{914D2D40-D20E-47CA-935D-5D6DD4D091D4}.Debug|Any CPU.ActiveCfg = Debug|Any CPU
		{914D2D40-D20E-47CA-935D-5D6DD4D091D4}.Debug|Any CPU.Build.0 = Debug|Any CPU
		{914D2D40-D20E-47CA-935D-5D6DD4D091D4}.Release|Any CPU.ActiveCfg = Release|Any CPU
		{914D2D40-D20E-47CA-935D-5D6DD4D091D4}.Release|Any CPU.Build.0 = Release|Any CPU
		{4C201986-ACCC-470A-9B16-487109E048CF}.Debug|Any CPU.ActiveCfg = Debug|Any CPU
		{4C201986-ACCC-470A-9B16-487109E048CF}.Debug|Any CPU.Build.0 = Debug|Any CPU
		{4C201986-ACCC-470A-9B16-487109E048CF}.Release|Any CPU.ActiveCfg = Release|Any CPU
		{4C201986-ACCC-470A-9B16-487109E048CF}.Release|Any CPU.Build.0 = Release|Any CPU
		{BBD38F95-88AC-4081-A031-C6C87A0649A7}.Debug|Any CPU.ActiveCfg = Debug|Any CPU
		{BBD38F95-88AC-4081-A031-C6C87A0649A7}.Debug|Any CPU.Build.0 = Debug|Any CPU
		{BBD38F95-88AC-4081-A031-C6C87A0649A7}.Release|Any CPU.ActiveCfg = Release|Any CPU
		{BBD38F95-88AC-4081-A031-C6C87A0649A7}.Release|Any CPU.Build.0 = Release|Any CPU
		{620A7BF8-7031-4B4C-8C9E-D7A0351B45FD}.Debug|Any CPU.ActiveCfg = Debug|Any CPU
		{620A7BF8-7031-4B4C-8C9E-D7A0351B45FD}.Debug|Any CPU.Build.0 = Debug|Any CPU
		{620A7BF8-7031-4B4C-8C9E-D7A0351B45FD}.Release|Any CPU.ActiveCfg = Release|Any CPU
		{620A7BF8-7031-4B4C-8C9E-D7A0351B45FD}.Release|Any CPU.Build.0 = Release|Any CPU
		{D71B3E6D-069E-463C-A6D0-93EEB3D6519F}.Debug|Any CPU.ActiveCfg = Debug|Any CPU
		{D71B3E6D-069E-463C-A6D0-93EEB3D6519F}.Debug|Any CPU.Build.0 = Debug|Any CPU
		{D71B3E6D-069E-463C-A6D0-93EEB3D6519F}.Release|Any CPU.ActiveCfg = Release|Any CPU
		{D71B3E6D-069E-463C-A6D0-93EEB3D6519F}.Release|Any CPU.Build.0 = Release|Any CPU
		{2DF98439-4070-4353-B98D-9474B4D820A0}.Debug|Any CPU.ActiveCfg = Debug|Any CPU
		{2DF98439-4070-4353-B98D-9474B4D820A0}.Debug|Any CPU.Build.0 = Debug|Any CPU
		{2DF98439-4070-4353-B98D-9474B4D820A0}.Release|Any CPU.ActiveCfg = Release|Any CPU
		{2DF98439-4070-4353-B98D-9474B4D820A0}.Release|Any CPU.Build.0 = Release|Any CPU
		{434DD8C2-A35B-4D4C-A350-A6D872635CB7}.Debug|Any CPU.ActiveCfg = Debug|Any CPU
		{434DD8C2-A35B-4D4C-A350-A6D872635CB7}.Debug|Any CPU.Build.0 = Debug|Any CPU
		{434DD8C2-A35B-4D4C-A350-A6D872635CB7}.Release|Any CPU.ActiveCfg = Release|Any CPU
		{434DD8C2-A35B-4D4C-A350-A6D872635CB7}.Release|Any CPU.Build.0 = Release|Any CPU
		{750E69C9-77A6-4F82-82E2-8E052891214E}.Debug|Any CPU.ActiveCfg = Debug|Any CPU
		{750E69C9-77A6-4F82-82E2-8E052891214E}.Debug|Any CPU.Build.0 = Debug|Any CPU
		{750E69C9-77A6-4F82-82E2-8E052891214E}.Release|Any CPU.ActiveCfg = Release|Any CPU
		{750E69C9-77A6-4F82-82E2-8E052891214E}.Release|Any CPU.Build.0 = Release|Any CPU
		{6C8EF573-3D90-414B-841F-0A1A3E721233}.Debug|Any CPU.ActiveCfg = Debug|Any CPU
		{6C8EF573-3D90-414B-841F-0A1A3E721233}.Debug|Any CPU.Build.0 = Debug|Any CPU
		{6C8EF573-3D90-414B-841F-0A1A3E721233}.Release|Any CPU.ActiveCfg = Release|Any CPU
		{6C8EF573-3D90-414B-841F-0A1A3E721233}.Release|Any CPU.Build.0 = Release|Any CPU
		{D8394E4A-9CD1-460A-88EE-90B18548926A}.Debug|Any CPU.ActiveCfg = Debug|Any CPU
		{D8394E4A-9CD1-460A-88EE-90B18548926A}.Debug|Any CPU.Build.0 = Debug|Any CPU
		{D8394E4A-9CD1-460A-88EE-90B18548926A}.Release|Any CPU.ActiveCfg = Release|Any CPU
		{D8394E4A-9CD1-460A-88EE-90B18548926A}.Release|Any CPU.Build.0 = Release|Any CPU
		{82DFD185-AB79-4ACD-9A16-D5FEC90DA748}.Debug|Any CPU.ActiveCfg = Debug|Any CPU
		{82DFD185-AB79-4ACD-9A16-D5FEC90DA748}.Debug|Any CPU.Build.0 = Debug|Any CPU
		{82DFD185-AB79-4ACD-9A16-D5FEC90DA748}.Release|Any CPU.ActiveCfg = Release|Any CPU
		{82DFD185-AB79-4ACD-9A16-D5FEC90DA748}.Release|Any CPU.Build.0 = Release|Any CPU
		{B19F9391-2B45-4610-944B-FE078F4B7B2D}.Debug|Any CPU.ActiveCfg = Debug|Any CPU
		{B19F9391-2B45-4610-944B-FE078F4B7B2D}.Debug|Any CPU.Build.0 = Debug|Any CPU
		{B19F9391-2B45-4610-944B-FE078F4B7B2D}.Release|Any CPU.ActiveCfg = Release|Any CPU
		{B19F9391-2B45-4610-944B-FE078F4B7B2D}.Release|Any CPU.Build.0 = Release|Any CPU
		{A47973BE-61A0-454D-86EE-CE13B8B909CE}.Debug|Any CPU.ActiveCfg = Debug|Any CPU
		{A47973BE-61A0-454D-86EE-CE13B8B909CE}.Debug|Any CPU.Build.0 = Debug|Any CPU
		{A47973BE-61A0-454D-86EE-CE13B8B909CE}.Release|Any CPU.ActiveCfg = Release|Any CPU
		{A47973BE-61A0-454D-86EE-CE13B8B909CE}.Release|Any CPU.Build.0 = Release|Any CPU
		{5DFFCA7F-CC00-47A1-84C7-76CB7062D852}.Debug|Any CPU.ActiveCfg = Debug|Any CPU
		{5DFFCA7F-CC00-47A1-84C7-76CB7062D852}.Debug|Any CPU.Build.0 = Debug|Any CPU
		{5DFFCA7F-CC00-47A1-84C7-76CB7062D852}.Release|Any CPU.ActiveCfg = Release|Any CPU
		{5DFFCA7F-CC00-47A1-84C7-76CB7062D852}.Release|Any CPU.Build.0 = Release|Any CPU
		{5E77083A-146B-434E-A553-8B7AC03A080B}.Debug|Any CPU.ActiveCfg = Debug|Any CPU
		{5E77083A-146B-434E-A553-8B7AC03A080B}.Debug|Any CPU.Build.0 = Debug|Any CPU
		{5E77083A-146B-434E-A553-8B7AC03A080B}.Release|Any CPU.ActiveCfg = Release|Any CPU
		{5E77083A-146B-434E-A553-8B7AC03A080B}.Release|Any CPU.Build.0 = Release|Any CPU
		{5D369959-81F4-48EF-996A-2CDC12514703}.Debug|Any CPU.ActiveCfg = Debug|Any CPU
		{5D369959-81F4-48EF-996A-2CDC12514703}.Debug|Any CPU.Build.0 = Debug|Any CPU
		{5D369959-81F4-48EF-996A-2CDC12514703}.Release|Any CPU.ActiveCfg = Release|Any CPU
		{5D369959-81F4-48EF-996A-2CDC12514703}.Release|Any CPU.Build.0 = Release|Any CPU
		{6A73C203-8729-4EA8-89EB-FDA880B6BE0A}.Debug|Any CPU.ActiveCfg = Debug|Any CPU
		{6A73C203-8729-4EA8-89EB-FDA880B6BE0A}.Debug|Any CPU.Build.0 = Debug|Any CPU
		{6A73C203-8729-4EA8-89EB-FDA880B6BE0A}.Release|Any CPU.ActiveCfg = Release|Any CPU
		{6A73C203-8729-4EA8-89EB-FDA880B6BE0A}.Release|Any CPU.Build.0 = Release|Any CPU
		{1350E6F8-961C-4486-939E-B13094DBC839}.Debug|Any CPU.ActiveCfg = Debug|Any CPU
		{1350E6F8-961C-4486-939E-B13094DBC839}.Debug|Any CPU.Build.0 = Debug|Any CPU
		{1350E6F8-961C-4486-939E-B13094DBC839}.Release|Any CPU.ActiveCfg = Release|Any CPU
		{1350E6F8-961C-4486-939E-B13094DBC839}.Release|Any CPU.Build.0 = Release|Any CPU
		{14D1005F-F823-4B93-B6E3-4179CD570C18}.Debug|Any CPU.ActiveCfg = Debug|Any CPU
		{14D1005F-F823-4B93-B6E3-4179CD570C18}.Debug|Any CPU.Build.0 = Debug|Any CPU
		{14D1005F-F823-4B93-B6E3-4179CD570C18}.Release|Any CPU.ActiveCfg = Release|Any CPU
		{14D1005F-F823-4B93-B6E3-4179CD570C18}.Release|Any CPU.Build.0 = Release|Any CPU
		{BD02B029-4871-4FA3-95F4-924BD6E763F2}.Debug|Any CPU.ActiveCfg = Debug|Any CPU
		{BD02B029-4871-4FA3-95F4-924BD6E763F2}.Debug|Any CPU.Build.0 = Debug|Any CPU
		{BD02B029-4871-4FA3-95F4-924BD6E763F2}.Release|Any CPU.ActiveCfg = Release|Any CPU
		{BD02B029-4871-4FA3-95F4-924BD6E763F2}.Release|Any CPU.Build.0 = Release|Any CPU
		{F63265A4-C862-4517-8572-4C1CF29A1D3A}.Debug|Any CPU.ActiveCfg = Debug|Any CPU
		{F63265A4-C862-4517-8572-4C1CF29A1D3A}.Debug|Any CPU.Build.0 = Debug|Any CPU
		{F63265A4-C862-4517-8572-4C1CF29A1D3A}.Release|Any CPU.ActiveCfg = Release|Any CPU
		{F63265A4-C862-4517-8572-4C1CF29A1D3A}.Release|Any CPU.Build.0 = Release|Any CPU
		{B5658B95-D388-4A52-939D-ED406F48D5F8}.Debug|Any CPU.ActiveCfg = Debug|Any CPU
		{B5658B95-D388-4A52-939D-ED406F48D5F8}.Debug|Any CPU.Build.0 = Debug|Any CPU
		{B5658B95-D388-4A52-939D-ED406F48D5F8}.Release|Any CPU.ActiveCfg = Release|Any CPU
		{B5658B95-D388-4A52-939D-ED406F48D5F8}.Release|Any CPU.Build.0 = Release|Any CPU
	EndGlobalSection
	GlobalSection(SolutionProperties) = preSolution
		HideSolutionNode = FALSE
	EndGlobalSection
EndGlobal
