
Microsoft Visual Studio Solution File, Format Version 12.00
# Visual Studio 2013
VisualStudioVersion = 12.0.31101.0
MinimumVisualStudioVersion = 10.0.40219.1
Project("{FAE04EC0-301F-11D3-BF4B-00C04F79EFBC}") = "1.Zerg", "Zerg\1.Zerg.csproj", "{C4091875-2B87-4D1D-97DB-BEB031C899E2}"
EndProject
Project("{FAE04EC0-301F-11D3-BF4B-00C04F79EFBC}") = "2.MovingLetters", "MovingLetters\2.MovingLetters.csproj", "{40D29013-2352-45B3-83AE-64A2D66C7AE5}"
EndProject
Project("{FAE04EC0-301F-11D3-BF4B-00C04F79EFBC}") = "1.TRES4Numbers", "TRES4Numbers\1.TRES4Numbers.csproj", "{E2852EAC-EF1F-4CBE-8DD8-09EBC376BD46}"
EndProject
Project("{FAE04EC0-301F-11D3-BF4B-00C04F79EFBC}") = "2.BunnyFactory", "BunnyFactory\2.BunnyFactory.csproj", "{DF457801-375A-450A-9D41-B6E5417746AE}"
EndProject
Project("{FAE04EC0-301F-11D3-BF4B-00C04F79EFBC}") = "3.Patterns", "Patterns\3.Patterns.csproj", "{B895088F-78F5-4FA3-A99E-09D3D4A7AB3B}"
EndProject
Project("{FAE04EC0-301F-11D3-BF4B-00C04F79EFBC}") = "4.VariableLengthCoding", "VariableLengthCoding\4.VariableLengthCoding.csproj", "{61263021-1AA0-448D-8507-B7A20BD4233B}"
EndProject
Project("{FAE04EC0-301F-11D3-BF4B-00C04F79EFBC}") = "5.HelpDoge", "HelpDoge\5.HelpDoge.csproj", "{205C24B7-156E-45B3-9A41-CB489ACB0A19}"
EndProject
Project("{FAE04EC0-301F-11D3-BF4B-00C04F79EFBC}") = "1.GenomeDecoder", "GenomeDecoder\1.GenomeDecoder.csproj", "{B3FEDEBD-4579-47B0-A6B9-C508A3925A29}"
EndProject
Project("{FAE04EC0-301F-11D3-BF4B-00C04F79EFBC}") = "1.PHP", "PHP\1.PHP.csproj", "{997F4CE2-6D32-4936-AF75-4F26ED0B290A}"
EndProject
Project("{FAE04EC0-301F-11D3-BF4B-00C04F79EFBC}") = "1.MultiverseCommunication", "MultiverseCommunication\1.MultiverseCommunication.csproj", "{8F0A203D-0F26-47ED-A39F-2E77C42AFA8E}"
EndProject
Project("{FAE04EC0-301F-11D3-BF4B-00C04F79EFBC}") = "2.MagicWords", "MagicWords\2.MagicWords.csproj", "{2AF65DDF-A5E3-4757-980D-57BA950A2380}"
EndProject
Project("{FAE04EC0-301F-11D3-BF4B-00C04F79EFBC}") = "3.Tubes", "Tubes\3.Tubes.csproj", "{F19D90AD-F8C0-4F07-9D12-CEBFE579E339}"
EndProject
Global
	GlobalSection(SolutionConfigurationPlatforms) = preSolution
		Debug|Any CPU = Debug|Any CPU
		Release|Any CPU = Release|Any CPU
	EndGlobalSection
	GlobalSection(ProjectConfigurationPlatforms) = postSolution
		{C4091875-2B87-4D1D-97DB-BEB031C899E2}.Debug|Any CPU.ActiveCfg = Debug|Any CPU
		{C4091875-2B87-4D1D-97DB-BEB031C899E2}.Debug|Any CPU.Build.0 = Debug|Any CPU
		{C4091875-2B87-4D1D-97DB-BEB031C899E2}.Release|Any CPU.ActiveCfg = Release|Any CPU
		{C4091875-2B87-4D1D-97DB-BEB031C899E2}.Release|Any CPU.Build.0 = Release|Any CPU
		{40D29013-2352-45B3-83AE-64A2D66C7AE5}.Debug|Any CPU.ActiveCfg = Debug|Any CPU
		{40D29013-2352-45B3-83AE-64A2D66C7AE5}.Debug|Any CPU.Build.0 = Debug|Any CPU
		{40D29013-2352-45B3-83AE-64A2D66C7AE5}.Release|Any CPU.ActiveCfg = Release|Any CPU
		{40D29013-2352-45B3-83AE-64A2D66C7AE5}.Release|Any CPU.Build.0 = Release|Any CPU
		{E2852EAC-EF1F-4CBE-8DD8-09EBC376BD46}.Debug|Any CPU.ActiveCfg = Debug|Any CPU
		{E2852EAC-EF1F-4CBE-8DD8-09EBC376BD46}.Debug|Any CPU.Build.0 = Debug|Any CPU
		{E2852EAC-EF1F-4CBE-8DD8-09EBC376BD46}.Release|Any CPU.ActiveCfg = Release|Any CPU
		{E2852EAC-EF1F-4CBE-8DD8-09EBC376BD46}.Release|Any CPU.Build.0 = Release|Any CPU
		{DF457801-375A-450A-9D41-B6E5417746AE}.Debug|Any CPU.ActiveCfg = Debug|Any CPU
		{DF457801-375A-450A-9D41-B6E5417746AE}.Debug|Any CPU.Build.0 = Debug|Any CPU
		{DF457801-375A-450A-9D41-B6E5417746AE}.Release|Any CPU.ActiveCfg = Release|Any CPU
		{DF457801-375A-450A-9D41-B6E5417746AE}.Release|Any CPU.Build.0 = Release|Any CPU
		{B895088F-78F5-4FA3-A99E-09D3D4A7AB3B}.Debug|Any CPU.ActiveCfg = Debug|Any CPU
		{B895088F-78F5-4FA3-A99E-09D3D4A7AB3B}.Debug|Any CPU.Build.0 = Debug|Any CPU
		{B895088F-78F5-4FA3-A99E-09D3D4A7AB3B}.Release|Any CPU.ActiveCfg = Release|Any CPU
		{B895088F-78F5-4FA3-A99E-09D3D4A7AB3B}.Release|Any CPU.Build.0 = Release|Any CPU
		{61263021-1AA0-448D-8507-B7A20BD4233B}.Debug|Any CPU.ActiveCfg = Debug|Any CPU
		{61263021-1AA0-448D-8507-B7A20BD4233B}.Debug|Any CPU.Build.0 = Debug|Any CPU
		{61263021-1AA0-448D-8507-B7A20BD4233B}.Release|Any CPU.ActiveCfg = Release|Any CPU
		{61263021-1AA0-448D-8507-B7A20BD4233B}.Release|Any CPU.Build.0 = Release|Any CPU
		{205C24B7-156E-45B3-9A41-CB489ACB0A19}.Debug|Any CPU.ActiveCfg = Debug|Any CPU
		{205C24B7-156E-45B3-9A41-CB489ACB0A19}.Debug|Any CPU.Build.0 = Debug|Any CPU
		{205C24B7-156E-45B3-9A41-CB489ACB0A19}.Release|Any CPU.ActiveCfg = Release|Any CPU
		{205C24B7-156E-45B3-9A41-CB489ACB0A19}.Release|Any CPU.Build.0 = Release|Any CPU
		{B3FEDEBD-4579-47B0-A6B9-C508A3925A29}.Debug|Any CPU.ActiveCfg = Debug|Any CPU
		{B3FEDEBD-4579-47B0-A6B9-C508A3925A29}.Debug|Any CPU.Build.0 = Debug|Any CPU
		{B3FEDEBD-4579-47B0-A6B9-C508A3925A29}.Release|Any CPU.ActiveCfg = Release|Any CPU
		{B3FEDEBD-4579-47B0-A6B9-C508A3925A29}.Release|Any CPU.Build.0 = Release|Any CPU
		{997F4CE2-6D32-4936-AF75-4F26ED0B290A}.Debug|Any CPU.ActiveCfg = Debug|Any CPU
		{997F4CE2-6D32-4936-AF75-4F26ED0B290A}.Debug|Any CPU.Build.0 = Debug|Any CPU
		{997F4CE2-6D32-4936-AF75-4F26ED0B290A}.Release|Any CPU.ActiveCfg = Release|Any CPU
		{997F4CE2-6D32-4936-AF75-4F26ED0B290A}.Release|Any CPU.Build.0 = Release|Any CPU
		{8F0A203D-0F26-47ED-A39F-2E77C42AFA8E}.Debug|Any CPU.ActiveCfg = Debug|Any CPU
		{8F0A203D-0F26-47ED-A39F-2E77C42AFA8E}.Debug|Any CPU.Build.0 = Debug|Any CPU
		{8F0A203D-0F26-47ED-A39F-2E77C42AFA8E}.Release|Any CPU.ActiveCfg = Release|Any CPU
		{8F0A203D-0F26-47ED-A39F-2E77C42AFA8E}.Release|Any CPU.Build.0 = Release|Any CPU
		{2AF65DDF-A5E3-4757-980D-57BA950A2380}.Debug|Any CPU.ActiveCfg = Debug|Any CPU
		{2AF65DDF-A5E3-4757-980D-57BA950A2380}.Debug|Any CPU.Build.0 = Debug|Any CPU
		{2AF65DDF-A5E3-4757-980D-57BA950A2380}.Release|Any CPU.ActiveCfg = Release|Any CPU
		{2AF65DDF-A5E3-4757-980D-57BA950A2380}.Release|Any CPU.Build.0 = Release|Any CPU
		{F19D90AD-F8C0-4F07-9D12-CEBFE579E339}.Debug|Any CPU.ActiveCfg = Debug|Any CPU
		{F19D90AD-F8C0-4F07-9D12-CEBFE579E339}.Debug|Any CPU.Build.0 = Debug|Any CPU
		{F19D90AD-F8C0-4F07-9D12-CEBFE579E339}.Release|Any CPU.ActiveCfg = Release|Any CPU
		{F19D90AD-F8C0-4F07-9D12-CEBFE579E339}.Release|Any CPU.Build.0 = Release|Any CPU
	EndGlobalSection
	GlobalSection(SolutionProperties) = preSolution
		HideSolutionNode = FALSE
	EndGlobalSection
EndGlobal
