
Microsoft Visual Studio Solution File, Format Version 12.00
# Visual Studio 2013
VisualStudioVersion = 12.0.31101.0
MinimumVisualStudioVersion = 10.0.40219.1
Project("{FAE04EC0-301F-11D3-BF4B-00C04F79EFBC}") = "OopExamples", "OopExamples\OopExamples.csproj", "{F91AE196-FE70-42EA-AC2C-AE4AAFF0950D}"
EndProject
Project("{FAE04EC0-301F-11D3-BF4B-00C04F79EFBC}") = "OopExamples2", "OopExamples2\OopExamples2.csproj", "{3713093E-AD60-44FF-A3E9-3B853977BB97}"
EndProject
Global
	GlobalSection(SolutionConfigurationPlatforms) = preSolution
		Debug|Any CPU = Debug|Any CPU
		Release|Any CPU = Release|Any CPU
	EndGlobalSection
	GlobalSection(ProjectConfigurationPlatforms) = postSolution
		{F91AE196-FE70-42EA-AC2C-AE4AAFF0950D}.Debug|Any CPU.ActiveCfg = Debug|Any CPU
		{F91AE196-FE70-42EA-AC2C-AE4AAFF0950D}.Debug|Any CPU.Build.0 = Debug|Any CPU
		{F91AE196-FE70-42EA-AC2C-AE4AAFF0950D}.Release|Any CPU.ActiveCfg = Release|Any CPU
		{F91AE196-FE70-42EA-AC2C-AE4AAFF0950D}.Release|Any CPU.Build.0 = Release|Any CPU
		{3713093E-AD60-44FF-A3E9-3B853977BB97}.Debug|Any CPU.ActiveCfg = Debug|Any CPU
		{3713093E-AD60-44FF-A3E9-3B853977BB97}.Debug|Any CPU.Build.0 = Debug|Any CPU
		{3713093E-AD60-44FF-A3E9-3B853977BB97}.Release|Any CPU.ActiveCfg = Release|Any CPU
		{3713093E-AD60-44FF-A3E9-3B853977BB97}.Release|Any CPU.Build.0 = Release|Any CPU
	EndGlobalSection
	GlobalSection(SolutionProperties) = preSolution
		HideSolutionNode = FALSE
	EndGlobalSection
EndGlobal
