
Microsoft Visual Studio Solution File, Format Version 12.00
# Visual Studio 2013
VisualStudioVersion = 12.0.31101.0
MinimumVisualStudioVersion = 10.0.40219.1
Project("{FAE04EC0-301F-11D3-BF4B-00C04F79EFBC}") = "CTSExercise", "CTSExercise\CTSExercise.csproj", "{5B9BD362-1632-4CBE-B1B8-18585468C09A}"
EndProject
Project("{FAE04EC0-301F-11D3-BF4B-00C04F79EFBC}") = "LinkedList", "LinkedList\LinkedList.csproj", "{1F4AEEC9-3B78-497B-8076-B38655524CBE}"
EndProject
Project("{FAE04EC0-301F-11D3-BF4B-00C04F79EFBC}") = "Boxing", "Boxing\Boxing.csproj", "{22D33957-5014-4E43-97CA-CC63550335B6}"
EndProject
Global
	GlobalSection(SolutionConfigurationPlatforms) = preSolution
		Debug|Any CPU = Debug|Any CPU
		Release|Any CPU = Release|Any CPU
	EndGlobalSection
	GlobalSection(ProjectConfigurationPlatforms) = postSolution
		{5B9BD362-1632-4CBE-B1B8-18585468C09A}.Debug|Any CPU.ActiveCfg = Debug|Any CPU
		{5B9BD362-1632-4CBE-B1B8-18585468C09A}.Debug|Any CPU.Build.0 = Debug|Any CPU
		{5B9BD362-1632-4CBE-B1B8-18585468C09A}.Release|Any CPU.ActiveCfg = Release|Any CPU
		{5B9BD362-1632-4CBE-B1B8-18585468C09A}.Release|Any CPU.Build.0 = Release|Any CPU
		{1F4AEEC9-3B78-497B-8076-B38655524CBE}.Debug|Any CPU.ActiveCfg = Debug|Any CPU
		{1F4AEEC9-3B78-497B-8076-B38655524CBE}.Debug|Any CPU.Build.0 = Debug|Any CPU
		{1F4AEEC9-3B78-497B-8076-B38655524CBE}.Release|Any CPU.ActiveCfg = Release|Any CPU
		{1F4AEEC9-3B78-497B-8076-B38655524CBE}.Release|Any CPU.Build.0 = Release|Any CPU
		{22D33957-5014-4E43-97CA-CC63550335B6}.Debug|Any CPU.ActiveCfg = Debug|Any CPU
		{22D33957-5014-4E43-97CA-CC63550335B6}.Debug|Any CPU.Build.0 = Debug|Any CPU
		{22D33957-5014-4E43-97CA-CC63550335B6}.Release|Any CPU.ActiveCfg = Release|Any CPU
		{22D33957-5014-4E43-97CA-CC63550335B6}.Release|Any CPU.Build.0 = Release|Any CPU
	EndGlobalSection
	GlobalSection(SolutionProperties) = preSolution
		HideSolutionNode = FALSE
	EndGlobalSection
EndGlobal
