
Microsoft Visual Studio Solution File, Format Version 12.00
# Visual Studio 2013
VisualStudioVersion = 12.0.31101.0
MinimumVisualStudioVersion = 10.0.40219.1
Project("{FAE04EC0-301F-11D3-BF4B-00C04F79EFBC}") = "01. AllocateArray", "01. Allocate array\01. AllocateArray.csproj", "{1C899D82-7D27-4CDE-8FF8-729FF2E2D1E2}"
EndProject
Project("{FAE04EC0-301F-11D3-BF4B-00C04F79EFBC}") = "02. CompareArrays", "02. CompareArrays\02. CompareArrays.csproj", "{B13E7A0B-85E7-432E-B90E-9F972ADC7DAB}"
EndProject
Project("{FAE04EC0-301F-11D3-BF4B-00C04F79EFBC}") = "03. CompareCharArrays", "03. CompareCharArrays\03. CompareCharArrays.csproj", "{9BEAE1C8-6240-4685-BC6F-D4AF1FEC145F}"
EndProject
Project("{FAE04EC0-301F-11D3-BF4B-00C04F79EFBC}") = "04. MaximalSequence", "04. MaximalSequence\04. MaximalSequence.csproj", "{6E2F12DE-8DCE-46E5-B243-0C9D56D9165A}"
EndProject
Project("{FAE04EC0-301F-11D3-BF4B-00C04F79EFBC}") = "05. MaximalIncreasingSequence", "05. MaximalIncreasingSequence\05. MaximalIncreasingSequence.csproj", "{087F8EA8-A715-476B-81E6-2E4EE00557AB}"
EndProject
Project("{FAE04EC0-301F-11D3-BF4B-00C04F79EFBC}") = "06. MaximalKSum", "06. MaximalKSum\06. MaximalKSum.csproj", "{25E9970C-E67C-46B8-BA2A-6B09CC319206}"
EndProject
Project("{FAE04EC0-301F-11D3-BF4B-00C04F79EFBC}") = "07. SelectionSort", "07. SelectionSort\07. SelectionSort.csproj", "{66F5193F-E4CD-4188-BCAB-20CFFE0F984B}"
EndProject
Project("{FAE04EC0-301F-11D3-BF4B-00C04F79EFBC}") = "08. MaximalSum", "08. MaximalSum\08. MaximalSum.csproj", "{3977AF76-0035-4078-9FC8-F8C52E023E57}"
EndProject
Project("{FAE04EC0-301F-11D3-BF4B-00C04F79EFBC}") = "09. FrequentNumber", "09. FrequentNumber\09. FrequentNumber.csproj", "{32E6B36E-2053-4FDA-924E-85FB2F20F72F}"
EndProject
Project("{FAE04EC0-301F-11D3-BF4B-00C04F79EFBC}") = "10. FindSumInArray", "10. FindSumInArray\10. FindSumInArray.csproj", "{F2953D7B-4619-4B95-963C-4C2774273F41}"
EndProject
Project("{FAE04EC0-301F-11D3-BF4B-00C04F79EFBC}") = "11. BinarySearch", "11. BinarySearch\11. BinarySearch.csproj", "{B6F5EDAB-DAA5-4124-9C04-3DCBBFC69A73}"
EndProject
Project("{FAE04EC0-301F-11D3-BF4B-00C04F79EFBC}") = "12. IndexOfLetters", "12. IndexOfLetters\12. IndexOfLetters.csproj", "{1C2CB6FF-7233-4053-BAF5-B438393D12AD}"
EndProject
Project("{FAE04EC0-301F-11D3-BF4B-00C04F79EFBC}") = "14. QuickSort", "14. QuickSort\14. QuickSort.csproj", "{874304A3-0962-49C7-BB88-3CD4675B86E4}"
EndProject
Project("{FAE04EC0-301F-11D3-BF4B-00C04F79EFBC}") = "13. MergeSort", "13. MergeSort\13. MergeSort.csproj", "{38154D5E-4BFE-4897-BC83-344D5D1AFE5F}"
EndProject
Project("{FAE04EC0-301F-11D3-BF4B-00C04F79EFBC}") = "15. PrimeNumbers", "15. PrimeNumbers\15. PrimeNumbers.csproj", "{27010584-A8D9-4408-98DB-940A50583B3A}"
EndProject
Project("{FAE04EC0-301F-11D3-BF4B-00C04F79EFBC}") = "16. SubsetWithSum", "16. SubsetWithSum\16. SubsetWithSum.csproj", "{ED974115-1579-46C6-8B9D-2CA65623E766}"
EndProject
Global
	GlobalSection(SolutionConfigurationPlatforms) = preSolution
		Debug|Any CPU = Debug|Any CPU
		Release|Any CPU = Release|Any CPU
	EndGlobalSection
	GlobalSection(ProjectConfigurationPlatforms) = postSolution
		{1C899D82-7D27-4CDE-8FF8-729FF2E2D1E2}.Debug|Any CPU.ActiveCfg = Debug|Any CPU
		{1C899D82-7D27-4CDE-8FF8-729FF2E2D1E2}.Debug|Any CPU.Build.0 = Debug|Any CPU
		{1C899D82-7D27-4CDE-8FF8-729FF2E2D1E2}.Release|Any CPU.ActiveCfg = Release|Any CPU
		{1C899D82-7D27-4CDE-8FF8-729FF2E2D1E2}.Release|Any CPU.Build.0 = Release|Any CPU
		{B13E7A0B-85E7-432E-B90E-9F972ADC7DAB}.Debug|Any CPU.ActiveCfg = Debug|Any CPU
		{B13E7A0B-85E7-432E-B90E-9F972ADC7DAB}.Debug|Any CPU.Build.0 = Debug|Any CPU
		{B13E7A0B-85E7-432E-B90E-9F972ADC7DAB}.Release|Any CPU.ActiveCfg = Release|Any CPU
		{B13E7A0B-85E7-432E-B90E-9F972ADC7DAB}.Release|Any CPU.Build.0 = Release|Any CPU
		{9BEAE1C8-6240-4685-BC6F-D4AF1FEC145F}.Debug|Any CPU.ActiveCfg = Debug|Any CPU
		{9BEAE1C8-6240-4685-BC6F-D4AF1FEC145F}.Debug|Any CPU.Build.0 = Debug|Any CPU
		{9BEAE1C8-6240-4685-BC6F-D4AF1FEC145F}.Release|Any CPU.ActiveCfg = Release|Any CPU
		{9BEAE1C8-6240-4685-BC6F-D4AF1FEC145F}.Release|Any CPU.Build.0 = Release|Any CPU
		{6E2F12DE-8DCE-46E5-B243-0C9D56D9165A}.Debug|Any CPU.ActiveCfg = Debug|Any CPU
		{6E2F12DE-8DCE-46E5-B243-0C9D56D9165A}.Debug|Any CPU.Build.0 = Debug|Any CPU
		{6E2F12DE-8DCE-46E5-B243-0C9D56D9165A}.Release|Any CPU.ActiveCfg = Release|Any CPU
		{6E2F12DE-8DCE-46E5-B243-0C9D56D9165A}.Release|Any CPU.Build.0 = Release|Any CPU
		{087F8EA8-A715-476B-81E6-2E4EE00557AB}.Debug|Any CPU.ActiveCfg = Debug|Any CPU
		{087F8EA8-A715-476B-81E6-2E4EE00557AB}.Debug|Any CPU.Build.0 = Debug|Any CPU
		{087F8EA8-A715-476B-81E6-2E4EE00557AB}.Release|Any CPU.ActiveCfg = Release|Any CPU
		{087F8EA8-A715-476B-81E6-2E4EE00557AB}.Release|Any CPU.Build.0 = Release|Any CPU
		{25E9970C-E67C-46B8-BA2A-6B09CC319206}.Debug|Any CPU.ActiveCfg = Debug|Any CPU
		{25E9970C-E67C-46B8-BA2A-6B09CC319206}.Debug|Any CPU.Build.0 = Debug|Any CPU
		{25E9970C-E67C-46B8-BA2A-6B09CC319206}.Release|Any CPU.ActiveCfg = Release|Any CPU
		{25E9970C-E67C-46B8-BA2A-6B09CC319206}.Release|Any CPU.Build.0 = Release|Any CPU
		{66F5193F-E4CD-4188-BCAB-20CFFE0F984B}.Debug|Any CPU.ActiveCfg = Debug|Any CPU
		{66F5193F-E4CD-4188-BCAB-20CFFE0F984B}.Debug|Any CPU.Build.0 = Debug|Any CPU
		{66F5193F-E4CD-4188-BCAB-20CFFE0F984B}.Release|Any CPU.ActiveCfg = Release|Any CPU
		{66F5193F-E4CD-4188-BCAB-20CFFE0F984B}.Release|Any CPU.Build.0 = Release|Any CPU
		{3977AF76-0035-4078-9FC8-F8C52E023E57}.Debug|Any CPU.ActiveCfg = Debug|Any CPU
		{3977AF76-0035-4078-9FC8-F8C52E023E57}.Debug|Any CPU.Build.0 = Debug|Any CPU
		{3977AF76-0035-4078-9FC8-F8C52E023E57}.Release|Any CPU.ActiveCfg = Release|Any CPU
		{3977AF76-0035-4078-9FC8-F8C52E023E57}.Release|Any CPU.Build.0 = Release|Any CPU
		{32E6B36E-2053-4FDA-924E-85FB2F20F72F}.Debug|Any CPU.ActiveCfg = Debug|Any CPU
		{32E6B36E-2053-4FDA-924E-85FB2F20F72F}.Debug|Any CPU.Build.0 = Debug|Any CPU
		{32E6B36E-2053-4FDA-924E-85FB2F20F72F}.Release|Any CPU.ActiveCfg = Release|Any CPU
		{32E6B36E-2053-4FDA-924E-85FB2F20F72F}.Release|Any CPU.Build.0 = Release|Any CPU
		{F2953D7B-4619-4B95-963C-4C2774273F41}.Debug|Any CPU.ActiveCfg = Debug|Any CPU
		{F2953D7B-4619-4B95-963C-4C2774273F41}.Debug|Any CPU.Build.0 = Debug|Any CPU
		{F2953D7B-4619-4B95-963C-4C2774273F41}.Release|Any CPU.ActiveCfg = Release|Any CPU
		{F2953D7B-4619-4B95-963C-4C2774273F41}.Release|Any CPU.Build.0 = Release|Any CPU
		{B6F5EDAB-DAA5-4124-9C04-3DCBBFC69A73}.Debug|Any CPU.ActiveCfg = Debug|Any CPU
		{B6F5EDAB-DAA5-4124-9C04-3DCBBFC69A73}.Debug|Any CPU.Build.0 = Debug|Any CPU
		{B6F5EDAB-DAA5-4124-9C04-3DCBBFC69A73}.Release|Any CPU.ActiveCfg = Release|Any CPU
		{B6F5EDAB-DAA5-4124-9C04-3DCBBFC69A73}.Release|Any CPU.Build.0 = Release|Any CPU
		{1C2CB6FF-7233-4053-BAF5-B438393D12AD}.Debug|Any CPU.ActiveCfg = Debug|Any CPU
		{1C2CB6FF-7233-4053-BAF5-B438393D12AD}.Debug|Any CPU.Build.0 = Debug|Any CPU
		{1C2CB6FF-7233-4053-BAF5-B438393D12AD}.Release|Any CPU.ActiveCfg = Release|Any CPU
		{1C2CB6FF-7233-4053-BAF5-B438393D12AD}.Release|Any CPU.Build.0 = Release|Any CPU
		{874304A3-0962-49C7-BB88-3CD4675B86E4}.Debug|Any CPU.ActiveCfg = Debug|Any CPU
		{874304A3-0962-49C7-BB88-3CD4675B86E4}.Debug|Any CPU.Build.0 = Debug|Any CPU
		{874304A3-0962-49C7-BB88-3CD4675B86E4}.Release|Any CPU.ActiveCfg = Release|Any CPU
		{874304A3-0962-49C7-BB88-3CD4675B86E4}.Release|Any CPU.Build.0 = Release|Any CPU
		{38154D5E-4BFE-4897-BC83-344D5D1AFE5F}.Debug|Any CPU.ActiveCfg = Debug|Any CPU
		{38154D5E-4BFE-4897-BC83-344D5D1AFE5F}.Debug|Any CPU.Build.0 = Debug|Any CPU
		{38154D5E-4BFE-4897-BC83-344D5D1AFE5F}.Release|Any CPU.ActiveCfg = Release|Any CPU
		{38154D5E-4BFE-4897-BC83-344D5D1AFE5F}.Release|Any CPU.Build.0 = Release|Any CPU
		{27010584-A8D9-4408-98DB-940A50583B3A}.Debug|Any CPU.ActiveCfg = Debug|Any CPU
		{27010584-A8D9-4408-98DB-940A50583B3A}.Debug|Any CPU.Build.0 = Debug|Any CPU
		{27010584-A8D9-4408-98DB-940A50583B3A}.Release|Any CPU.ActiveCfg = Release|Any CPU
		{27010584-A8D9-4408-98DB-940A50583B3A}.Release|Any CPU.Build.0 = Release|Any CPU
		{ED974115-1579-46C6-8B9D-2CA65623E766}.Debug|Any CPU.ActiveCfg = Debug|Any CPU
		{ED974115-1579-46C6-8B9D-2CA65623E766}.Debug|Any CPU.Build.0 = Debug|Any CPU
		{ED974115-1579-46C6-8B9D-2CA65623E766}.Release|Any CPU.ActiveCfg = Release|Any CPU
		{ED974115-1579-46C6-8B9D-2CA65623E766}.Release|Any CPU.Build.0 = Release|Any CPU
	EndGlobalSection
	GlobalSection(SolutionProperties) = preSolution
		HideSolutionNode = FALSE
	EndGlobalSection
EndGlobal
